
Microsoft Visual Studio Solution File, Format Version 12.00
# Visual Studio Version 17
VisualStudioVersion = 17.3.32819.101
MinimumVisualStudioVersion = 10.0.40219.1
Project("{FAE04EC0-301F-11D3-BF4B-00C04F79EFBC}") = "Tinfoil Resource Downloader", "Tinfoil Resource Downloader.csproj", "{63D8EA3D-E1D0-437F-BAD9-F8F547F47EB1}"
EndProject
Global
	GlobalSection(SolutionConfigurationPlatforms) = preSolution
		Debug|Any CPU = Debug|Any CPU
		Release|Any CPU = Release|Any CPU
	EndGlobalSection
	GlobalSection(ProjectConfigurationPlatforms) = postSolution
		{63D8EA3D-E1D0-437F-BAD9-F8F547F47EB1}.Debug|Any CPU.ActiveCfg = Debug|Any CPU
		{63D8EA3D-E1D0-437F-BAD9-F8F547F47EB1}.Debug|Any CPU.Build.0 = Debug|Any CPU
		{63D8EA3D-E1D0-437F-BAD9-F8F547F47EB1}.Release|Any CPU.ActiveCfg = Release|Any CPU
		{63D8EA3D-E1D0-437F-BAD9-F8F547F47EB1}.Release|Any CPU.Build.0 = Release|Any CPU
	EndGlobalSection
	GlobalSection(SolutionProperties) = preSolution
		HideSolutionNode = FALSE
	EndGlobalSection
	GlobalSection(ExtensibilityGlobals) = postSolution
		SolutionGuid = {FAE6F505-413C-4296-99F5-88DA8AA8AEA3}
	EndGlobalSection
EndGlobal
